
Microsoft Visual Studio Solution File, Format Version 12.00
# Visual Studio Version 17
VisualStudioVersion = 17.10.35013.160
MinimumVisualStudioVersion = 10.0.40219.1
Project("{FAE04EC0-301F-11D3-BF4B-00C04F79EFBC}") = "Two Sum", "Two Sum\Two Sum.csproj", "{4DAE4D34-2CEB-4378-86ED-635C67A7FE78}"
EndProject
Global
	GlobalSection(SolutionConfigurationPlatforms) = preSolution
		Debug|Any CPU = Debug|Any CPU
		Release|Any CPU = Release|Any CPU
	EndGlobalSection
	GlobalSection(ProjectConfigurationPlatforms) = postSolution
		{4DAE4D34-2CEB-4378-86ED-635C67A7FE78}.Debug|Any CPU.ActiveCfg = Debug|Any CPU
		{4DAE4D34-2CEB-4378-86ED-635C67A7FE78}.Debug|Any CPU.Build.0 = Debug|Any CPU
		{4DAE4D34-2CEB-4378-86ED-635C67A7FE78}.Release|Any CPU.ActiveCfg = Release|Any CPU
		{4DAE4D34-2CEB-4378-86ED-635C67A7FE78}.Release|Any CPU.Build.0 = Release|Any CPU
	EndGlobalSection
	GlobalSection(SolutionProperties) = preSolution
		HideSolutionNode = FALSE
	EndGlobalSection
	GlobalSection(ExtensibilityGlobals) = postSolution
		SolutionGuid = {8A5FA27B-C878-40C8-89ED-48A35FDA0C77}
	EndGlobalSection
EndGlobal
